
Microsoft Visual Studio Solution File, Format Version 12.00
# Visual Studio Version 17
VisualStudioVersion = 17.4.33403.182
MinimumVisualStudioVersion = 10.0.40219.1
Project("{FAE04EC0-301F-11D3-BF4B-00C04F79EFBC}") = "MovieApi", "MovieApi\MovieApi.csproj", "{C970C454-F3E7-42EC-9C4A-D21B3C27D8B2}"
EndProject
Global
	GlobalSection(SolutionConfigurationPlatforms) = preSolution
		Debug|Any CPU = Debug|Any CPU
		Release|Any CPU = Release|Any CPU
	EndGlobalSection
	GlobalSection(ProjectConfigurationPlatforms) = postSolution
		{C970C454-F3E7-42EC-9C4A-D21B3C27D8B2}.Debug|Any CPU.ActiveCfg = Debug|Any CPU
		{C970C454-F3E7-42EC-9C4A-D21B3C27D8B2}.Debug|Any CPU.Build.0 = Debug|Any CPU
		{C970C454-F3E7-42EC-9C4A-D21B3C27D8B2}.Release|Any CPU.ActiveCfg = Release|Any CPU
		{C970C454-F3E7-42EC-9C4A-D21B3C27D8B2}.Release|Any CPU.Build.0 = Release|Any CPU
	EndGlobalSection
	GlobalSection(SolutionProperties) = preSolution
		HideSolutionNode = FALSE
	EndGlobalSection
	GlobalSection(ExtensibilityGlobals) = postSolution
		SolutionGuid = {EB3A0A86-AF0A-434F-8F0C-EABD27AECFF3}
	EndGlobalSection
EndGlobal
