
Microsoft Visual Studio Solution File, Format Version 12.00
# Visual Studio Version 17
VisualStudioVersion = 17.4.33403.182
MinimumVisualStudioVersion = 10.0.40219.1
Project("{9A19103F-16F7-4668-BE54-9A1E7A4F7556}") = "IMDB", "IMDB\IMDB.csproj", "{516CB363-9F75-479D-8208-1D49B83BE2CD}"
EndProject
Project("{FAE04EC0-301F-11D3-BF4B-00C04F79EFBC}") = "IMDB.Test", "IMDB.Test\IMDB.Test.csproj", "{DB014462-54C7-4E54-AA08-2FBA8B3A5CEE}"
EndProject
Global
	GlobalSection(SolutionConfigurationPlatforms) = preSolution
		Debug|Any CPU = Debug|Any CPU
		Release|Any CPU = Release|Any CPU
	EndGlobalSection
	GlobalSection(ProjectConfigurationPlatforms) = postSolution
		{516CB363-9F75-479D-8208-1D49B83BE2CD}.Debug|Any CPU.ActiveCfg = Debug|Any CPU
		{516CB363-9F75-479D-8208-1D49B83BE2CD}.Debug|Any CPU.Build.0 = Debug|Any CPU
		{516CB363-9F75-479D-8208-1D49B83BE2CD}.Release|Any CPU.ActiveCfg = Release|Any CPU
		{516CB363-9F75-479D-8208-1D49B83BE2CD}.Release|Any CPU.Build.0 = Release|Any CPU
		{DB014462-54C7-4E54-AA08-2FBA8B3A5CEE}.Debug|Any CPU.ActiveCfg = Debug|Any CPU
		{DB014462-54C7-4E54-AA08-2FBA8B3A5CEE}.Debug|Any CPU.Build.0 = Debug|Any CPU
		{DB014462-54C7-4E54-AA08-2FBA8B3A5CEE}.Release|Any CPU.ActiveCfg = Release|Any CPU
		{DB014462-54C7-4E54-AA08-2FBA8B3A5CEE}.Release|Any CPU.Build.0 = Release|Any CPU
	EndGlobalSection
	GlobalSection(SolutionProperties) = preSolution
		HideSolutionNode = FALSE
	EndGlobalSection
	GlobalSection(ExtensibilityGlobals) = postSolution
		SolutionGuid = {54AABC64-6C3D-4547-B943-3EAC3D01C8AC}
	EndGlobalSection
EndGlobal
